<?xml version="1.0" encoding="utf-8"?>
<Project ToolsVersion="4.0" xmlns="http://schemas.microsoft.com/developer/msbuild/2003">
  <ItemGroup>
    <Filter Include="源文件">
      <UniqueIdentifier>{4FC737F1-C7A5-4376-A066-2A32D752A2FF}</UniqueIdentifier>
      <Extensions>cpp;c;cc;cxx;c++;cppm;ixx;def;odl;idl;hpj;bat;asm;asmx</Extensions>
    </Filter>
    <Filter Include="头文件">
      <UniqueIdentifier>{93995380-89BD-4b04-88EB-625FBE52EBFB}</UniqueIdentifier>
      <Extensions>h;hh;hpp;hxx;h++;hm;inl;inc;ipp;xsd</Extensions>
    </Filter>
    <Filter Include="资源文件">
      <UniqueIdentifier>{67DA6AB6-F800-4c08-8B7A-83BB121AAD01}</UniqueIdentifier>
      <Extensions>rc;ico;cur;bmp;dlg;rc2;rct;bin;rgs;gif;jpg;jpeg;jpe;resx;tiff;tif;png;wav;mfcribbon-ms</Extensions>
    </Filter>
  </ItemGroup>
  <ItemGroup>
    <ClInclude Include="framework.h">
      <Filter>头文件</Filter>
    </ClInclude>
    <ClInclude Include="pch.h">
      <Filter>头文件</Filter>
    </ClInclude>
    <ClInclude Include="dllFile.h">
      <Filter>头文件</Filter>
    </ClInclude>
    <ClInclude Include="RenderWindow.h">
      <Filter>头文件</Filter>
    </ClInclude>
    <ClInclude Include="RenderConfiguration.h">
      <Filter>头文件</Filter>
    </ClInclude>
    <ClInclude Include="Shader.h">
      <Filter>头文件</Filter>
    </ClInclude>
    <ClInclude Include="VertexBuffer.h">
      <Filter>头文件</Filter>
    </ClInclude>
    <ClInclude Include="Camera.h">
      <Filter>头文件</Filter>
    </ClInclude>
    <ClInclude Include="Light.h">
      <Filter>头文件</Filter>
    </ClInclude>
    <ClInclude Include="Material.h">
      <Filter>头文件</Filter>
    </ClInclude>
    <ClInclude Include="InputController.h">
      <Filter>头文件</Filter>
    </ClInclude>
    <ClInclude Include="keyBoardInput.h">
      <Filter>头文件</Filter>
    </ClInclude>
    <ClInclude Include="Texture2D.h">
      <Filter>头文件</Filter>
    </ClInclude>
    <ClInclude Include="DefferedGeoPass.h">
      <Filter>头文件</Filter>
    </ClInclude>
    <ClInclude Include="FrameBuffer.h">
      <Filter>头文件</Filter>
    </ClInclude>
    <ClInclude Include="CShaderConfig.h">
      <Filter>头文件</Filter>
    </ClInclude>
    <ClInclude Include="WindowConfig.h">
      <Filter>头文件</Filter>
    </ClInclude>
    <ClInclude Include="RenderBuffer.h">
      <Filter>头文件</Filter>
    </ClInclude>
    <ClInclude Include="Primitive.h">
      <Filter>头文件</Filter>
    </ClInclude>
    <ClInclude Include="Transform.h">
      <Filter>头文件</Filter>
    </ClInclude>
    <ClInclude Include="GameObject.h">
      <Filter>头文件</Filter>
    </ClInclude>
    <ClInclude Include="Mesh.h">
      <Filter>头文件</Filter>
    </ClInclude>
    <ClInclude Include="Scene.h">
      <Filter>头文件</Filter>
    </ClInclude>
    <ClInclude Include="RenderPipeline.h">
      <Filter>头文件</Filter>
    </ClInclude>
    <ClInclude Include="DefferedLitPass.h">
      <Filter>头文件</Filter>
    </ClInclude>
    <ClInclude Include="RenderPass.h">
      <Filter>头文件</Filter>
    </ClInclude>
    <ClInclude Include="ModelLoader.h">
      <Filter>头文件</Filter>
    </ClInclude>
    <ClInclude Include="GlfwWindow.h">
      <Filter>头文件</Filter>
    </ClInclude>
    <ClInclude Include="CameraController.h">
      <Filter>头文件</Filter>
    </ClInclude>
    <ClInclude Include="FpsController.h">
      <Filter>头文件</Filter>
    </ClInclude>
  </ItemGroup>
  <ItemGroup>
    <ClCompile Include="dllmain.cpp">
      <Filter>源文件</Filter>
    </ClCompile>
    <ClCompile Include="pch.cpp">
      <Filter>源文件</Filter>
    </ClCompile>
    <ClCompile Include="RenderConfiguration.cpp">
      <Filter>源文件</Filter>
    </ClCompile>
    <ClCompile Include="RenderWindow.cpp">
      <Filter>源文件</Filter>
    </ClCompile>
    <ClCompile Include="VertexBuffer.cpp">
      <Filter>源文件</Filter>
    </ClCompile>
    <ClCompile Include="Shader.cpp">
      <Filter>源文件</Filter>
    </ClCompile>
    <ClCompile Include="Camera.cpp">
      <Filter>源文件</Filter>
    </ClCompile>
    <ClCompile Include="keyBoardInput.cpp">
      <Filter>源文件</Filter>
    </ClCompile>
    <ClCompile Include="Texture2D.cpp">
      <Filter>源文件</Filter>
    </ClCompile>
    <ClCompile Include="DefferedGeoPass.cpp">
      <Filter>源文件</Filter>
    </ClCompile>
    <ClCompile Include="FrameBuffer.cpp">
      <Filter>源文件</Filter>
    </ClCompile>
    <ClCompile Include="CShaderConfig.cpp">
      <Filter>源文件</Filter>
    </ClCompile>
    <ClCompile Include="WindowConfig.cpp">
      <Filter>源文件</Filter>
    </ClCompile>
    <ClCompile Include="RenderBuffer.cpp">
      <Filter>源文件</Filter>
    </ClCompile>
    <ClCompile Include="Primitive.cpp">
      <Filter>源文件</Filter>
    </ClCompile>
    <ClCompile Include="Transform.cpp">
      <Filter>源文件</Filter>
    </ClCompile>
    <ClCompile Include="GameObject.cpp">
      <Filter>源文件</Filter>
    </ClCompile>
    <ClCompile Include="Scene.cpp">
      <Filter>源文件</Filter>
    </ClCompile>
    <ClCompile Include="RenderPipeline.cpp">
      <Filter>源文件</Filter>
    </ClCompile>
    <ClCompile Include="DefferedLitPass.cpp">
      <Filter>源文件</Filter>
    </ClCompile>
    <ClCompile Include="RenderPass.cpp">
      <Filter>源文件</Filter>
    </ClCompile>
    <ClCompile Include="ModelLoader.cpp">
      <Filter>源文件</Filter>
    </ClCompile>
    <ClCompile Include="GlfwWindow.cpp">
      <Filter>源文件</Filter>
    </ClCompile>
    <ClCompile Include="FpsController.cpp">
      <Filter>源文件</Filter>
    </ClCompile>
  </ItemGroup>
  <ItemGroup>
    <None Include="packages.config" />
  </ItemGroup>
</Project>